
Microsoft Visual Studio Solution File, Format Version 12.00
# Visual Studio Version 16
VisualStudioVersion = 16.0.30128.74
MinimumVisualStudioVersion = 10.0.40219.1
Project("{9A19103F-16F7-4668-BE54-9A1E7A4F7556}") = "DelagateApp2", "DelagateApp2\DelagateApp2.csproj", "{B135F0C4-2817-4F5A-AD6F-C98ADC5B4DD8}"
EndProject
Project("{9A19103F-16F7-4668-BE54-9A1E7A4F7556}") = "DelagateApp3", "DelagateApp3\DelagateApp3.csproj", "{2973C983-1292-4FB1-BA89-81AFC6B501AF}"
EndProject
Project("{FAE04EC0-301F-11D3-BF4B-00C04F79EFBC}") = "DelagateApp1", "DelagateApp12\DelagateApp1.csproj", "{83F7D82E-C932-4DF0-9308-88F67D4ECE5E}"
EndProject
Global
	GlobalSection(SolutionConfigurationPlatforms) = preSolution
		Debug|Any CPU = Debug|Any CPU
		Release|Any CPU = Release|Any CPU
	EndGlobalSection
	GlobalSection(ProjectConfigurationPlatforms) = postSolution
		{B135F0C4-2817-4F5A-AD6F-C98ADC5B4DD8}.Debug|Any CPU.ActiveCfg = Debug|Any CPU
		{B135F0C4-2817-4F5A-AD6F-C98ADC5B4DD8}.Debug|Any CPU.Build.0 = Debug|Any CPU
		{B135F0C4-2817-4F5A-AD6F-C98ADC5B4DD8}.Release|Any CPU.ActiveCfg = Release|Any CPU
		{B135F0C4-2817-4F5A-AD6F-C98ADC5B4DD8}.Release|Any CPU.Build.0 = Release|Any CPU
		{2973C983-1292-4FB1-BA89-81AFC6B501AF}.Debug|Any CPU.ActiveCfg = Debug|Any CPU
		{2973C983-1292-4FB1-BA89-81AFC6B501AF}.Debug|Any CPU.Build.0 = Debug|Any CPU
		{2973C983-1292-4FB1-BA89-81AFC6B501AF}.Release|Any CPU.ActiveCfg = Release|Any CPU
		{2973C983-1292-4FB1-BA89-81AFC6B501AF}.Release|Any CPU.Build.0 = Release|Any CPU
		{83F7D82E-C932-4DF0-9308-88F67D4ECE5E}.Debug|Any CPU.ActiveCfg = Debug|Any CPU
		{83F7D82E-C932-4DF0-9308-88F67D4ECE5E}.Debug|Any CPU.Build.0 = Debug|Any CPU
		{83F7D82E-C932-4DF0-9308-88F67D4ECE5E}.Release|Any CPU.ActiveCfg = Release|Any CPU
		{83F7D82E-C932-4DF0-9308-88F67D4ECE5E}.Release|Any CPU.Build.0 = Release|Any CPU
	EndGlobalSection
	GlobalSection(SolutionProperties) = preSolution
		HideSolutionNode = FALSE
	EndGlobalSection
	GlobalSection(ExtensibilityGlobals) = postSolution
		SolutionGuid = {75F2CA82-AE17-4FF0-837F-0940B622E8B0}
	EndGlobalSection
EndGlobal
